// !$*UTF8*$!
{
	archiveVersion = 1;
	classes = {
	};
	objectVersion = 46;
	objects = {

/* Begin PBXBuildFile section */
		530B92DB1F259AA9005FCEE1 /* AppDelegate.swift in Sources */ = {isa = PBXBuildFile; fileRef = 530B92DA1F259AA9005FCEE1 /* AppDelegate.swift */; };
		530B92DD1F259AA9005FCEE1 /* ViewController.swift in Sources */ = {isa = PBXBuildFile; fileRef = 530B92DC1F259AA9005FCEE1 /* ViewController.swift */; };
		530B92E01F259AA9005FCEE1 /* Main.storyboard in Resources */ = {isa = PBXBuildFile; fileRef = 530B92DE1F259AA9005FCEE1 /* Main.storyboard */; };
		530B92E21F259AA9005FCEE1 /* Assets.xcassets in Resources */ = {isa = PBXBuildFile; fileRef = 530B92E11F259AA9005FCEE1 /* Assets.xcassets */; };
		530B92E51F259AA9005FCEE1 /* LaunchScreen.storyboard in Resources */ = {isa = PBXBuildFile; fileRef = 530B92E31F259AA9005FCEE1 /* LaunchScreen.storyboard */; };
/* End PBXBuildFile section */

/* Begin PBXFileReference section */
		530B92D71F259AA9005FCEE1 /* iMarkdown.app */ = {isa = PBXFileReference; explicitFileType = wrapper.application; includeInIndex = 0; path = iMarkdown.app; sourceTree = BUILT_PRODUCTS_DIR; };
		530B92DA1F259AA9005FCEE1 /* AppDelegate.swift */ = {isa = PBXFileReference; lastKnownFileType = sourcecode.swift; path = AppDelegate.swift; sourceTree = "<group>"; };
		530B92DC1F259AA9005FCEE1 /* ViewController.swift */ = {isa = PBXFileReference; lastKnownFileType = sourcecode.swift; path = ViewController.swift; sourceTree = "<group>"; };
		530B92DF1F259AA9005FCEE1 /* Base */ = {isa = PBXFileReference; lastKnownFileType = file.storyboard; name = Base; path = Base.lproj/Main.storyboard; sourceTree = "<group>"; };
		530B92E11F259AA9005FCEE1 /* Assets.xcassets */ = {isa = PBXFileReference; lastKnownFileType = folder.assetcatalog; path = Assets.xcassets; sourceTree = "<group>"; };
		530B92E41F259AA9005FCEE1 /* Base */ = {isa = PBXFileReference; lastKnownFileType = file.storyboard; name = Base; path = Base.lproj/LaunchScreen.storyboard; sourceTree = "<group>"; };
		530B92E61F259AA9005FCEE1 /* Info.plist */ = {isa = PBXFileReference; lastKnownFileType = text.plist.xml; path = Info.plist; sourceTree = "<group>"; };
/* End PBXFileReference section */

/* Begin PBXFrameworksBuildPhase section */
		530B92D41F259AA9005FCEE1 /* Frameworks */ = {
			isa = PBXFrameworksBuildPhase;
			buildActionMask = 2147483647;
			files = (
			);
			runOnlyForDeploymentPostprocessing = 0;
		};
/* End PBXFrameworksBuildPhase section */

/* Begin PBXGroup section */
		530B92CE1F259AA9005FCEE1 = {
			isa = PBXGroup;
			children = (
				530B92D91F259AA9005FCEE1 /* iMarkdown */,
				530B92D81F259AA9005FCEE1 /* Products */,
			);
			sourceTree = "<group>";
		};
		530B92D81F259AA9005FCEE1 /* Products */ = {
			isa = PBXGroup;
			children = (
				530B92D71F259AA9005FCEE1 /* iMarkdown.app */,
			);
			name = Products;
			sourceTree = "<group>";
		};
		530B92D91F259AA9005FCEE1 /* iMarkdown */ = {
			isa = PBXGroup;
			children = (
				530B92DA1F259AA9005FCEE1 /* AppDelegate.swift */,
				530B92DC1F259AA9005FCEE1 /* ViewController.swift */,
				530B92DE1F259AA9005FCEE1 /* Main.storyboard */,
				530B92E11F259AA9005FCEE1 /* Assets.xcassets */,
				530B92E31F259AA9005FCEE1 /* LaunchScreen.storyboard */,
				530B92E61F259AA9005FCEE1 /* Info.plist */,
			);
			path = iMarkdown;
			sourceTree = "<group>";
		};
/* End PBXGroup section */

/* Begin PBXNativeTarget section */
		530B92D61F259AA9005FCEE1 /* iMarkdown */ = {
			isa = PBXNativeTarget;
			buildConfigurationList = 530B92E91F259AA9005FCEE1 /* Build configuration list for PBXNativeTarget "iMarkdown" */;
			buildPhases = (
				530B92D31F259AA9005FCEE1 /* Sources */,
				530B92D41F259AA9005FCEE1 /* Frameworks */,
				530B92D51F259AA9005FCEE1 /* Resources */,
			);
			buildRules = (
			);
			dependencies = (
			);
			name = iMarkdown;
			productName = iMarkdown;
			productReference = 530B92D71F259AA9005FCEE1 /* iMarkdown.app */;
			productType = "com.apple.product-type.application";
		};
/* End PBXNativeTarget section */

/* Begin PBXProject section */
		530B92CF1F259AA9005FCEE1 /* Project object */ = {
			isa = PBXProject;
			attributes = {
				LastSwiftUpdateCheck = 0800;
				LastUpgradeCheck = 0800;
				ORGANIZATIONNAME = iGhibli;
				TargetAttributes = {
					530B92D61F259AA9005FCEE1 = {
						CreatedOnToolsVersion = 8.0;
						ProvisioningStyle = Automatic;
					};
				};
			};
			buildConfigurationList = 530B92D21F259AA9005FCEE1 /* Build configuration list for PBXProject "iMarkdown" */;
			compatibilityVersion = "Xcode 3.2";
			developmentRegion = English;
			hasScannedForEncodings = 0;
			knownRegions = (
				en,
				Base,
			);
			mainGroup = 530B92CE1F259AA9005FCEE1;
			productRefGroup = 530B92D81F259AA9005FCEE1 /* Products */;
			projectDirPath = "";
			projectRoot = "";
			targets = (
				530B92D61F259AA9005FCEE1 /* iMarkdown */,
			);
		};
/* End PBXProject section */

/* Begin PBXResourcesBuildPhase section */
		530B92D51F259AA9005FCEE1 /* Resources */ = {
			isa = PBXResourcesBuildPhase;
			buildActionMask = 2147483647;
			files = (
				530B92E51F259AA9005FCEE1 /* LaunchScreen.storyboard in Resources */,
				530B92E21F259AA9005FCEE1 /* Assets.xcassets in Resources */,
				530B92E01F259AA9005FCEE1 /* Main.storyboard in Resources */,
			);
			runOnlyForDeploymentPostprocessing = 0;
		};
/* End PBXResourcesBuildPhase section */

/* Begin PBXSourcesBuildPhase section */
		530B92D31F259AA9005FCEE1 /* Sources */ = {
			isa = PBXSourcesBuildPhase;
			buildActionMask = 2147483647;
			files = (
				530B92DD1F259AA9005FCEE1 /* ViewController.swift in Sources */,
				530B92DB1F259AA9005FCEE1 /* AppDelegate.swift in Sources */,
			);
			runOnlyForDeploymentPostprocessing = 0;
		};
/* End PBXSourcesBuildPhase section */

/* Begin PBXVariantGroup section */
		530B92DE1F259AA9005FCEE1 /* Main.storyboard */ = {
			isa = PBXVariantGroup;
			children = (
				530B92DF1F259AA9005FCEE1 /* Base */,
			);
			name = Main.storyboard;
			sourceTree = "<group>";
		};
		530B92E31F259AA9005FCEE1 /* LaunchScreen.storyboard */ = {
			isa = PBXVariantGroup;
			children = (
				530B92E41F259AA9005FCEE1 /* Base */,
			);
			name = LaunchScreen.storyboard;
			sourceTree = "<group>";
		};
/* End PBXVariantGroup section */

/* Begin XCBuildConfiguration section */
		530B92E71F259AA9005FCEE1 /* Debug */ = {
			isa = XCBuildConfiguration;
			buildSettings = {
				ALWAYS_SEARCH_USER_PATHS = NO;
				CLANG_ANALYZER_NONNULL = YES;
				CLANG_CXX_LANGUAGE_STANDARD = "gnu++0x";
				CLANG_CXX_LIBRARY = "libc++";
				CLANG_ENABLE_MODULES = YES;
				CLANG_ENABLE_OBJC_ARC = YES;
				CLANG_WARN_BOOL_CONVERSION = YES;
				CLANG_WARN_CONSTANT_CONVERSION = YES;
				CLANG_WARN_DIRECT_OBJC_ISA_USAGE = YES_ERROR;
				CLANG_WARN_DOCUMENTATION_COMMENTS = YES;
				CLANG_WARN_EMPTY_BODY = YES;
				CLANG_WARN_ENUM_CONVERSION = YES;
				CLANG_WARN_INFINITE_RECURSION = YES;
				CLANG_WARN_INT_CONVERSION = YES;
				CLANG_WARN_OBJC_ROOT_CLASS = YES_ERROR;
				CLANG_WARN_SUSPICIOUS_MOVES = YES;
				CLANG_WARN_UNREACHABLE_CODE = YES;
				CLANG_WARN__DUPLICATE_METHOD_MATCH = YES;
				"CODE_SIGN_IDENTITY[sdk=iphoneos*]" = "iPhone Developer";
				COPY_PHASE_STRIP = NO;
				DEBUG_INFORMATION_FORMAT = dwarf;
				ENABLE_STRICT_OBJC_MSGSEND = YES;
				ENABLE_TESTABILITY = YES;
				GCC_C_LANGUAGE_STANDARD = gnu99;
				GCC_DYNAMIC_NO_PIC = NO;
				GCC_NO_COMMON_BLOCKS = YES;
				GCC_OPTIMIZATION_LEVEL = 0;
				GCC_PREPROCESSOR_DEFINITIONS = (
					"DEBUG=1",
					"$(inherited)",
				);
				GCC_WARN_64_TO_32_BIT_CONVERSION = YES;
				GCC_WARN_ABOUT_RETURN_TYPE = YES_ERROR;
				GCC_WARN_UNDECLARED_SELECTOR = YES;
				GCC_WARN_UNINITIALIZED_AUTOS = YES_AGGRESSIVE;
				GCC_WARN_UNUSED_FUNCTION = YES;
				GCC_WARN_UNUSED_VARIABLE = YES;
				IPHONEOS_DEPLOYMENT_TARGET = 10.0;
				MTL_ENABLE_DEBUG_INFO = YES;
				ONLY_ACTIVE_ARCH = YES;
				SDKROOT = iphoneos;
				SWIFT_ACTIVE_COMPILATION_CONDITIONS = DEBUG;
				SWIFT_OPTIMIZATION_LEVEL = "-Onone";
				TARGETED_DEVICE_FAMILY = "1,2";
			};
			name = Debug;
		};
		530B92E81F259AA9005FCEE1 /* Release */ = {
			isa = XCBuildConfiguration;
			buildSettings = {
				ALWAYS_SEARCH_USER_PATHS = NO;
				CLANG_ANALYZER_NONNULL = YES;
				CLANG_CXX_LANGUAGE_STANDARD = "gnu++0x";
				CLANG_CXX_LIBRARY = "libc++";
				CLANG_ENABLE_MODULES = YES;
				CLANG_ENABLE_OBJC_ARC = YES;
				CLANG_WARN_BOOL_CONVERSION = YES;
				CLANG_WARN_CONSTANT_CONVERSION = YES;
				CLANG_WARN_DIRECT_OBJC_ISA_USAGE = YES_ERROR;
				CLANG_WARN_DOCUMENTATION_COMMENTS = YES;
				CLANG_WARN_EMPTY_BODY = YES;
				CLANG_WARN_ENUM_CONVERSION = YES;
				CLANG_WARN_INFINITE_RECURSION = YES;
				CLANG_WARN_INT_CONVERSION = YES;
				CLANG_WARN_OBJC_ROOT_CLASS = YES_ERROR;
				CLANG_WARN_SUSPICIOUS_MOVES = YES;
				CLANG_WARN_UNREACHABLE_CODE = YES;
				CLANG_WARN__DUPLICATE_METHOD_MATCH = YES;
				"CODE_SIGN_IDENTITY[sdk=iphoneos*]" = "iPhone Developer";
				COPY_PHASE_STRIP = NO;
				DEBUG_INFORMATION_FORMAT = "dwarf-with-dsym";
				ENABLE_NS_ASSERTIONS = NO;
				ENABLE_STRICT_OBJC_MSGSEND = YES;
				GCC_C_LANGUAGE_STANDARD = gnu99;
				GCC_NO_COMMON_BLOCKS = YES;
				GCC_WARN_64_TO_32_BIT_CONVERSION = YES;
				GCC_WARN_ABOUT_RETURN_TYPE = YES_ERROR;
				GCC_WARN_UNDECLARED_SELECTOR = YES;
				GCC_WARN_UNINITIALIZED_AUTOS = YES_AGGRESSIVE;
				GCC_WARN_UNUSED_FUNCTION = YES;
				GCC_WARN_UNUSED_VARIABLE = YES;
				IPHONEOS_DEPLOYMENT_TARGET = 10.0;
				MTL_ENABLE_DEBUG_INFO = NO;
				SDKROOT = iphoneos;
				SWIFT_OPTIMIZATION_LEVEL = "-Owholemodule";
				TARGETED_DEVICE_FAMILY = "1,2";
				VALIDATE_PRODUCT = YES;
			};
			name = Release;
		};
		530B92EA1F259AA9005FCEE1 /* Debug */ = {
			isa = XCBuildConfiguration;
			buildSettings = {
				ASSETCATALOG_COMPILER_APPICON_NAME = AppIcon;
				INFOPLIST_FILE = iMarkdown/Info.plist;
				LD_RUNPATH_SEARCH_PATHS = "$(inherited) @executable_path/Frameworks";
				PRODUCT_BUNDLE_IDENTIFIER = com.iGhibli.iMarkdown;
				PRODUCT_NAME = "$(TARGET_NAME)";
				SWIFT_VERSION = 3.0;
			};
			name = Debug;
		};
		530B92EB1F259AA9005FCEE1 /* Release */ = {
			isa = XCBuildConfiguration;
			buildSettings = {
				ASSETCATALOG_COMPILER_APPICON_NAME = AppIcon;
				INFOPLIST_FILE = iMarkdown/Info.plist;
				LD_RUNPATH_SEARCH_PATHS = "$(inherited) @executable_path/Frameworks";
				PRODUCT_BUNDLE_IDENTIFIER = com.iGhibli.iMarkdown;
				PRODUCT_NAME = "$(TARGET_NAME)";
				SWIFT_VERSION = 3.0;
			};
			name = Release;
		};
/* End XCBuildConfiguration section */

/* Begin XCConfigurationList section */
		530B92D21F259AA9005FCEE1 /* Build configuration list for PBXProject "iMarkdown" */ = {
			isa = XCConfigurationList;
			buildConfigurations = (
				530B92E71F259AA9005FCEE1 /* Debug */,
				530B92E81F259AA9005FCEE1 /* Release */,
			);
			defaultConfigurationIsVisible = 0;
			defaultConfigurationName = Release;
		};
		530B92E91F259AA9005FCEE1 /* Build configuration list for PBXNativeTarget "iMarkdown" */ = {
			isa = XCConfigurationList;
			buildConfigurations = (
				530B92EA1F259AA9005FCEE1 /* Debug */,
				530B92EB1F259AA9005FCEE1 /* Release */,
			);
			defaultConfigurationIsVisible = 0;
		};
/* End XCConfigurationList section */
	};
	rootObject = 530B92CF1F259AA9005FCEE1 /* Project object */;
}
